
Microsoft Visual Studio Solution File, Format Version 12.00
# Visual Studio 15
VisualStudioVersion = 15.0.28010.2046
MinimumVisualStudioVersion = 10.0.40219.1
Project("{FAE04EC0-301F-11D3-BF4B-00C04F79EFBC}") = "ARSMVC", "ARSMVC\ARSMVC.csproj", "{A713DFFF-0508-445F-BBCD-6B9A7344727E}"
EndProject
Global
	GlobalSection(SolutionConfigurationPlatforms) = preSolution
		Debug|Any CPU = Debug|Any CPU
		Release|Any CPU = Release|Any CPU
	EndGlobalSection
	GlobalSection(ProjectConfigurationPlatforms) = postSolution
		{A713DFFF-0508-445F-BBCD-6B9A7344727E}.Debug|Any CPU.ActiveCfg = Debug|Any CPU
		{A713DFFF-0508-445F-BBCD-6B9A7344727E}.Debug|Any CPU.Build.0 = Debug|Any CPU
		{A713DFFF-0508-445F-BBCD-6B9A7344727E}.Release|Any CPU.ActiveCfg = Release|Any CPU
		{A713DFFF-0508-445F-BBCD-6B9A7344727E}.Release|Any CPU.Build.0 = Release|Any CPU
	EndGlobalSection
	GlobalSection(SolutionProperties) = preSolution
		HideSolutionNode = FALSE
	EndGlobalSection
	GlobalSection(ExtensibilityGlobals) = postSolution
		SolutionGuid = {3DF6F320-3A57-4EBC-A5B7-0F734718A2A8}
	EndGlobalSection
EndGlobal
